
Microsoft Visual Studio Solution File, Format Version 12.00
# Visual Studio Version 17
VisualStudioVersion = 17.1.32210.238
MinimumVisualStudioVersion = 10.0.40219.1
Project("{9A19103F-16F7-4668-BE54-9A1E7A4F7556}") = "Ilyfairy.Robot.Sdk", "Ilyfairy.Robot.Sdk\Ilyfairy.Robot.Sdk.csproj", "{3076DAB7-DC36-4525-935B-7F5ACC47F61D}"
EndProject
Project("{9A19103F-16F7-4668-BE54-9A1E7A4F7556}") = "Demo", "Demo\Demo.csproj", "{7C483DBF-A2E2-45B2-9474-839C80528676}"
EndProject
Project("{9A19103F-16F7-4668-BE54-9A1E7A4F7556}") = "Test", "Test\Test.csproj", "{0B9C4DE2-11BD-4C27-83C2-FDD723409B8F}"
EndProject
Project("{9A19103F-16F7-4668-BE54-9A1E7A4F7556}") = "MyPlugin", "MyPlugin\MyPlugin.csproj", "{C7247EB6-CDE6-48DE-8FD1-7690F84D5895}"
EndProject
Project("{9A19103F-16F7-4668-BE54-9A1E7A4F7556}") = "Ilyfairy.Robot.PluginSdk", "Ilyfairy.Robot.PluginSdk\Ilyfairy.Robot.PluginSdk.csproj", "{7FA3E363-74BC-4AB0-AAB5-0B9BEC373523}"
EndProject
Project("{9A19103F-16F7-4668-BE54-9A1E7A4F7556}") = "Ilyfairy.Robot.Manager", "Ilyfairy.Robot.Server\Ilyfairy.Robot.Manager.csproj", "{6D4C43A5-6CE2-49E2-8739-3E0838F9B30C}"
EndProject
Project("{9A19103F-16F7-4668-BE54-9A1E7A4F7556}") = "MessageStatistics", "MessageStatistics\MessageStatistics.csproj", "{A09AFB8A-1FD8-4E61-B791-1AC992B5A6C9}"
EndProject
Project("{9A19103F-16F7-4668-BE54-9A1E7A4F7556}") = "KawaiiRobot", "KawaiiRobot\KawaiiRobot.csproj", "{2B587880-C706-4003-9E41-44F472123BB1}"
EndProject
Global
	GlobalSection(SolutionConfigurationPlatforms) = preSolution
		Debug|Any CPU = Debug|Any CPU
		Release|Any CPU = Release|Any CPU
	EndGlobalSection
	GlobalSection(ProjectConfigurationPlatforms) = postSolution
		{3076DAB7-DC36-4525-935B-7F5ACC47F61D}.Debug|Any CPU.ActiveCfg = Debug|Any CPU
		{3076DAB7-DC36-4525-935B-7F5ACC47F61D}.Debug|Any CPU.Build.0 = Debug|Any CPU
		{3076DAB7-DC36-4525-935B-7F5ACC47F61D}.Release|Any CPU.ActiveCfg = Release|Any CPU
		{3076DAB7-DC36-4525-935B-7F5ACC47F61D}.Release|Any CPU.Build.0 = Release|Any CPU
		{7C483DBF-A2E2-45B2-9474-839C80528676}.Debug|Any CPU.ActiveCfg = Debug|Any CPU
		{7C483DBF-A2E2-45B2-9474-839C80528676}.Debug|Any CPU.Build.0 = Debug|Any CPU
		{7C483DBF-A2E2-45B2-9474-839C80528676}.Release|Any CPU.ActiveCfg = Release|Any CPU
		{7C483DBF-A2E2-45B2-9474-839C80528676}.Release|Any CPU.Build.0 = Release|Any CPU
		{0B9C4DE2-11BD-4C27-83C2-FDD723409B8F}.Debug|Any CPU.ActiveCfg = Debug|Any CPU
		{0B9C4DE2-11BD-4C27-83C2-FDD723409B8F}.Debug|Any CPU.Build.0 = Debug|Any CPU
		{0B9C4DE2-11BD-4C27-83C2-FDD723409B8F}.Release|Any CPU.ActiveCfg = Release|Any CPU
		{0B9C4DE2-11BD-4C27-83C2-FDD723409B8F}.Release|Any CPU.Build.0 = Release|Any CPU
		{C7247EB6-CDE6-48DE-8FD1-7690F84D5895}.Debug|Any CPU.ActiveCfg = Debug|Any CPU
		{C7247EB6-CDE6-48DE-8FD1-7690F84D5895}.Debug|Any CPU.Build.0 = Debug|Any CPU
		{C7247EB6-CDE6-48DE-8FD1-7690F84D5895}.Release|Any CPU.ActiveCfg = Release|Any CPU
		{C7247EB6-CDE6-48DE-8FD1-7690F84D5895}.Release|Any CPU.Build.0 = Release|Any CPU
		{7FA3E363-74BC-4AB0-AAB5-0B9BEC373523}.Debug|Any CPU.ActiveCfg = Debug|Any CPU
		{7FA3E363-74BC-4AB0-AAB5-0B9BEC373523}.Debug|Any CPU.Build.0 = Debug|Any CPU
		{7FA3E363-74BC-4AB0-AAB5-0B9BEC373523}.Release|Any CPU.ActiveCfg = Release|Any CPU
		{7FA3E363-74BC-4AB0-AAB5-0B9BEC373523}.Release|Any CPU.Build.0 = Release|Any CPU
		{6D4C43A5-6CE2-49E2-8739-3E0838F9B30C}.Debug|Any CPU.ActiveCfg = Debug|Any CPU
		{6D4C43A5-6CE2-49E2-8739-3E0838F9B30C}.Debug|Any CPU.Build.0 = Debug|Any CPU
		{6D4C43A5-6CE2-49E2-8739-3E0838F9B30C}.Release|Any CPU.ActiveCfg = Release|Any CPU
		{6D4C43A5-6CE2-49E2-8739-3E0838F9B30C}.Release|Any CPU.Build.0 = Release|Any CPU
		{A09AFB8A-1FD8-4E61-B791-1AC992B5A6C9}.Debug|Any CPU.ActiveCfg = Debug|Any CPU
		{A09AFB8A-1FD8-4E61-B791-1AC992B5A6C9}.Debug|Any CPU.Build.0 = Debug|Any CPU
		{A09AFB8A-1FD8-4E61-B791-1AC992B5A6C9}.Release|Any CPU.ActiveCfg = Release|Any CPU
		{A09AFB8A-1FD8-4E61-B791-1AC992B5A6C9}.Release|Any CPU.Build.0 = Release|Any CPU
		{2B587880-C706-4003-9E41-44F472123BB1}.Debug|Any CPU.ActiveCfg = Debug|Any CPU
		{2B587880-C706-4003-9E41-44F472123BB1}.Debug|Any CPU.Build.0 = Debug|Any CPU
		{2B587880-C706-4003-9E41-44F472123BB1}.Release|Any CPU.ActiveCfg = Release|Any CPU
		{2B587880-C706-4003-9E41-44F472123BB1}.Release|Any CPU.Build.0 = Release|Any CPU
	EndGlobalSection
	GlobalSection(SolutionProperties) = preSolution
		HideSolutionNode = FALSE
	EndGlobalSection
	GlobalSection(ExtensibilityGlobals) = postSolution
		SolutionGuid = {F1346566-A9E5-4A1D-A72B-B8002CF53C93}
	EndGlobalSection
EndGlobal
